{
  "object": {
    "pins": [
      {
        "package": "SwiftParse",
        "repositoryURL": "https://github.com/mgadda/swift-parse",
        "state": {
          "branch": "master",
          "revision": "1953eab4637238cb1978dcbe68dcfe15788803d9",
          "version": null
        }
      }
    ]
  },
  "version": 1
}
